
Microsoft Visual Studio Solution File, Format Version 12.00
# Visual Studio Version 17
VisualStudioVersion = 17.0.31903.59
MinimumVisualStudioVersion = 10.0.40219.1
Project("{2150E333-8FDC-42A3-9474-1A3956D46DE8}") = "src", "src", "{E2B075C6-BC2B-478E-8E00-4DB5483EC9E9}"
EndProject
Project("{FAE04EC0-301F-11D3-BF4B-00C04F79EFBC}") = "TeamSync.Api", "src\TeamSync.Api\TeamSync.Api.csproj", "{74765F15-2FEB-4B42-8822-040FCB857E0B}"
EndProject
Project("{FAE04EC0-301F-11D3-BF4B-00C04F79EFBC}") = "TeamSync.Application", "src\TeamSync.Application\TeamSync.Application.csproj", "{26EC2BC2-69E1-4A80-A3F5-144BAEB530F4}"
EndProject
Project("{FAE04EC0-301F-11D3-BF4B-00C04F79EFBC}") = "TeamSync.Contracts", "src\TeamSync.Contracts\TeamSync.Contracts.csproj", "{497B2063-1CC6-45BD-9DB9-FA50EA4FEC49}"
EndProject
Project("{FAE04EC0-301F-11D3-BF4B-00C04F79EFBC}") = "TeamSync.Domain", "src\TeamSync.Domain\TeamSync.Domain.csproj", "{9944D170-90A8-4B9C-8AE2-8CD267C629FF}"
EndProject
Project("{FAE04EC0-301F-11D3-BF4B-00C04F79EFBC}") = "TeamSync.Infrastructure", "src\TeamSync.Infrastructure\TeamSync.Infrastructure.csproj", "{A0C9D173-5B52-4C87-A2DF-9AB970F224F8}"
EndProject
Global
	GlobalSection(SolutionConfigurationPlatforms) = preSolution
		Debug|Any CPU = Debug|Any CPU
		Release|Any CPU = Release|Any CPU
	EndGlobalSection
	GlobalSection(SolutionProperties) = preSolution
		HideSolutionNode = FALSE
	EndGlobalSection
	GlobalSection(ProjectConfigurationPlatforms) = postSolution
		{74765F15-2FEB-4B42-8822-040FCB857E0B}.Debug|Any CPU.ActiveCfg = Debug|Any CPU
		{74765F15-2FEB-4B42-8822-040FCB857E0B}.Debug|Any CPU.Build.0 = Debug|Any CPU
		{74765F15-2FEB-4B42-8822-040FCB857E0B}.Release|Any CPU.ActiveCfg = Release|Any CPU
		{74765F15-2FEB-4B42-8822-040FCB857E0B}.Release|Any CPU.Build.0 = Release|Any CPU
		{26EC2BC2-69E1-4A80-A3F5-144BAEB530F4}.Debug|Any CPU.ActiveCfg = Debug|Any CPU
		{26EC2BC2-69E1-4A80-A3F5-144BAEB530F4}.Debug|Any CPU.Build.0 = Debug|Any CPU
		{26EC2BC2-69E1-4A80-A3F5-144BAEB530F4}.Release|Any CPU.ActiveCfg = Release|Any CPU
		{26EC2BC2-69E1-4A80-A3F5-144BAEB530F4}.Release|Any CPU.Build.0 = Release|Any CPU
		{497B2063-1CC6-45BD-9DB9-FA50EA4FEC49}.Debug|Any CPU.ActiveCfg = Debug|Any CPU
		{497B2063-1CC6-45BD-9DB9-FA50EA4FEC49}.Debug|Any CPU.Build.0 = Debug|Any CPU
		{497B2063-1CC6-45BD-9DB9-FA50EA4FEC49}.Release|Any CPU.ActiveCfg = Release|Any CPU
		{497B2063-1CC6-45BD-9DB9-FA50EA4FEC49}.Release|Any CPU.Build.0 = Release|Any CPU
		{9944D170-90A8-4B9C-8AE2-8CD267C629FF}.Debug|Any CPU.ActiveCfg = Debug|Any CPU
		{9944D170-90A8-4B9C-8AE2-8CD267C629FF}.Debug|Any CPU.Build.0 = Debug|Any CPU
		{9944D170-90A8-4B9C-8AE2-8CD267C629FF}.Release|Any CPU.ActiveCfg = Release|Any CPU
		{9944D170-90A8-4B9C-8AE2-8CD267C629FF}.Release|Any CPU.Build.0 = Release|Any CPU
		{A0C9D173-5B52-4C87-A2DF-9AB970F224F8}.Debug|Any CPU.ActiveCfg = Debug|Any CPU
		{A0C9D173-5B52-4C87-A2DF-9AB970F224F8}.Debug|Any CPU.Build.0 = Debug|Any CPU
		{A0C9D173-5B52-4C87-A2DF-9AB970F224F8}.Release|Any CPU.ActiveCfg = Release|Any CPU
		{A0C9D173-5B52-4C87-A2DF-9AB970F224F8}.Release|Any CPU.Build.0 = Release|Any CPU
	EndGlobalSection
	GlobalSection(NestedProjects) = preSolution
		{74765F15-2FEB-4B42-8822-040FCB857E0B} = {E2B075C6-BC2B-478E-8E00-4DB5483EC9E9}
		{26EC2BC2-69E1-4A80-A3F5-144BAEB530F4} = {E2B075C6-BC2B-478E-8E00-4DB5483EC9E9}
		{497B2063-1CC6-45BD-9DB9-FA50EA4FEC49} = {E2B075C6-BC2B-478E-8E00-4DB5483EC9E9}
		{9944D170-90A8-4B9C-8AE2-8CD267C629FF} = {E2B075C6-BC2B-478E-8E00-4DB5483EC9E9}
		{A0C9D173-5B52-4C87-A2DF-9AB970F224F8} = {E2B075C6-BC2B-478E-8E00-4DB5483EC9E9}
	EndGlobalSection
EndGlobal
